
Microsoft Visual Studio Solution File, Format Version 12.00
# Visual Studio Version 17
VisualStudioVersion = 17.1.32319.34
MinimumVisualStudioVersion = 10.0.40219.1
Project("{FAE04EC0-301F-11D3-BF4B-00C04F79EFBC}") = "Integracion53", "Integracion53\Integracion53.csproj", "{DFE9A939-1424-430C-905F-B658B2221A40}"
EndProject
Global
	GlobalSection(SolutionConfigurationPlatforms) = preSolution
		Debug|Any CPU = Debug|Any CPU
		Release|Any CPU = Release|Any CPU
	EndGlobalSection
	GlobalSection(ProjectConfigurationPlatforms) = postSolution
		{DFE9A939-1424-430C-905F-B658B2221A40}.Debug|Any CPU.ActiveCfg = Debug|Any CPU
		{DFE9A939-1424-430C-905F-B658B2221A40}.Debug|Any CPU.Build.0 = Debug|Any CPU
		{DFE9A939-1424-430C-905F-B658B2221A40}.Release|Any CPU.ActiveCfg = Release|Any CPU
		{DFE9A939-1424-430C-905F-B658B2221A40}.Release|Any CPU.Build.0 = Release|Any CPU
	EndGlobalSection
	GlobalSection(SolutionProperties) = preSolution
		HideSolutionNode = FALSE
	EndGlobalSection
	GlobalSection(ExtensibilityGlobals) = postSolution
		SolutionGuid = {EDF23F2C-89C9-414A-A206-8C32F2DF0B4C}
	EndGlobalSection
EndGlobal
